
Microsoft Visual Studio Solution File, Format Version 12.00
# Visual Studio Version 17
VisualStudioVersion = 17.8.34525.116
MinimumVisualStudioVersion = 10.0.40219.1
Project("{FAE04EC0-301F-11D3-BF4B-00C04F79EFBC}") = "NUnitTests", "..\NUnitTests\NUnitTests.csproj", "{C6A71258-0081-4ECC-80E4-59F6A1D6D329}"
EndProject
Project("{9A19103F-16F7-4668-BE54-9A1E7A4F7556}") = "TNT.Commons", "TNT.Commons.csproj", "{0A4FA118-A50B-4D4D-BD38-6354E88AB4BE}"
EndProject
Global
	GlobalSection(SolutionConfigurationPlatforms) = preSolution
		Debug_Nuget_Local|Any CPU = Debug_Nuget_Local|Any CPU
		Debug|Any CPU = Debug|Any CPU
		Release|Any CPU = Release|Any CPU
	EndGlobalSection
	GlobalSection(ProjectConfigurationPlatforms) = postSolution
		{C6A71258-0081-4ECC-80E4-59F6A1D6D329}.Debug_Nuget_Local|Any CPU.ActiveCfg = Debug_Nuget_Local|Any CPU
		{C6A71258-0081-4ECC-80E4-59F6A1D6D329}.Debug_Nuget_Local|Any CPU.Build.0 = Debug_Nuget_Local|Any CPU
		{C6A71258-0081-4ECC-80E4-59F6A1D6D329}.Debug|Any CPU.ActiveCfg = Debug|Any CPU
		{C6A71258-0081-4ECC-80E4-59F6A1D6D329}.Debug|Any CPU.Build.0 = Debug|Any CPU
		{C6A71258-0081-4ECC-80E4-59F6A1D6D329}.Release|Any CPU.ActiveCfg = Release|Any CPU
		{C6A71258-0081-4ECC-80E4-59F6A1D6D329}.Release|Any CPU.Build.0 = Release|Any CPU
		{0A4FA118-A50B-4D4D-BD38-6354E88AB4BE}.Debug_Nuget_Local|Any CPU.ActiveCfg = Debug_Nuget_Local|Any CPU
		{0A4FA118-A50B-4D4D-BD38-6354E88AB4BE}.Debug_Nuget_Local|Any CPU.Build.0 = Debug_Nuget_Local|Any CPU
		{0A4FA118-A50B-4D4D-BD38-6354E88AB4BE}.Debug|Any CPU.ActiveCfg = Debug|Any CPU
		{0A4FA118-A50B-4D4D-BD38-6354E88AB4BE}.Debug|Any CPU.Build.0 = Debug|Any CPU
		{0A4FA118-A50B-4D4D-BD38-6354E88AB4BE}.Release|Any CPU.ActiveCfg = Release|Any CPU
		{0A4FA118-A50B-4D4D-BD38-6354E88AB4BE}.Release|Any CPU.Build.0 = Release|Any CPU
	EndGlobalSection
	GlobalSection(SolutionProperties) = preSolution
		HideSolutionNode = FALSE
	EndGlobalSection
	GlobalSection(ExtensibilityGlobals) = postSolution
		SolutionGuid = {62CB7115-5CD7-4B21-B91D-D2031A77DFA7}
	EndGlobalSection
EndGlobal
